
Microsoft Visual Studio Solution File, Format Version 12.00
# Visual Studio Version 17
VisualStudioVersion = 17.3.32901.215
MinimumVisualStudioVersion = 10.0.40219.1
Project("{9A19103F-16F7-4668-BE54-9A1E7A4F7556}") = "BinaryGap", "BinaryGap\BinaryGap.csproj", "{AB3D33D9-E712-4AC9-AFBB-21CD67A6BF42}"
EndProject
Project("{9A19103F-16F7-4668-BE54-9A1E7A4F7556}") = "CyclicRotation", "CyclicRotation\CyclicRotation.csproj", "{1668576C-FD4A-4940-8986-F72DB41A2F2E}"
EndProject
Project("{9A19103F-16F7-4668-BE54-9A1E7A4F7556}") = "OddOccurrencesInArray", "OddOccurrencesInArray\OddOccurrencesInArray.csproj", "{37FB59BD-0C3F-420C-8A71-17F1914BC185}"
EndProject
Project("{9A19103F-16F7-4668-BE54-9A1E7A4F7556}") = "FrogJmp", "FrogJmp\FrogJmp.csproj", "{003B9C0C-7237-4808-8904-AB7FCA63007C}"
EndProject
Project("{9A19103F-16F7-4668-BE54-9A1E7A4F7556}") = "PermMissingElem", "PermMissingElem\PermMissingElem.csproj", "{255ACE5A-9629-41FA-AC83-ADCDC6D150D3}"
EndProject
Project("{9A19103F-16F7-4668-BE54-9A1E7A4F7556}") = "TapeEquilibrium", "TapeEquilibrium\TapeEquilibrium.csproj", "{676D7C7A-C8D1-4DEA-8452-1358FFC73FDB}"
EndProject
Project("{FAE04EC0-301F-11D3-BF4B-00C04F79EFBC}") = "FrogRiverOne", "FrogRiverOne\FrogRiverOne.csproj", "{7B8E5FEB-53DD-4BCA-9CEF-767FF3CB2040}"
EndProject
Project("{FAE04EC0-301F-11D3-BF4B-00C04F79EFBC}") = "PermCheck", "PermCheck\PermCheck.csproj", "{E2E4B416-A4FC-4956-8282-715269F2EC8B}"
EndProject
Global
	GlobalSection(SolutionConfigurationPlatforms) = preSolution
		Debug|Any CPU = Debug|Any CPU
		Release|Any CPU = Release|Any CPU
	EndGlobalSection
	GlobalSection(ProjectConfigurationPlatforms) = postSolution
		{AB3D33D9-E712-4AC9-AFBB-21CD67A6BF42}.Debug|Any CPU.ActiveCfg = Debug|Any CPU
		{AB3D33D9-E712-4AC9-AFBB-21CD67A6BF42}.Debug|Any CPU.Build.0 = Debug|Any CPU
		{AB3D33D9-E712-4AC9-AFBB-21CD67A6BF42}.Release|Any CPU.ActiveCfg = Release|Any CPU
		{AB3D33D9-E712-4AC9-AFBB-21CD67A6BF42}.Release|Any CPU.Build.0 = Release|Any CPU
		{1668576C-FD4A-4940-8986-F72DB41A2F2E}.Debug|Any CPU.ActiveCfg = Debug|Any CPU
		{1668576C-FD4A-4940-8986-F72DB41A2F2E}.Debug|Any CPU.Build.0 = Debug|Any CPU
		{1668576C-FD4A-4940-8986-F72DB41A2F2E}.Release|Any CPU.ActiveCfg = Release|Any CPU
		{1668576C-FD4A-4940-8986-F72DB41A2F2E}.Release|Any CPU.Build.0 = Release|Any CPU
		{37FB59BD-0C3F-420C-8A71-17F1914BC185}.Debug|Any CPU.ActiveCfg = Debug|Any CPU
		{37FB59BD-0C3F-420C-8A71-17F1914BC185}.Debug|Any CPU.Build.0 = Debug|Any CPU
		{37FB59BD-0C3F-420C-8A71-17F1914BC185}.Release|Any CPU.ActiveCfg = Release|Any CPU
		{37FB59BD-0C3F-420C-8A71-17F1914BC185}.Release|Any CPU.Build.0 = Release|Any CPU
		{003B9C0C-7237-4808-8904-AB7FCA63007C}.Debug|Any CPU.ActiveCfg = Debug|Any CPU
		{003B9C0C-7237-4808-8904-AB7FCA63007C}.Debug|Any CPU.Build.0 = Debug|Any CPU
		{003B9C0C-7237-4808-8904-AB7FCA63007C}.Release|Any CPU.ActiveCfg = Release|Any CPU
		{003B9C0C-7237-4808-8904-AB7FCA63007C}.Release|Any CPU.Build.0 = Release|Any CPU
		{255ACE5A-9629-41FA-AC83-ADCDC6D150D3}.Debug|Any CPU.ActiveCfg = Debug|Any CPU
		{255ACE5A-9629-41FA-AC83-ADCDC6D150D3}.Debug|Any CPU.Build.0 = Debug|Any CPU
		{255ACE5A-9629-41FA-AC83-ADCDC6D150D3}.Release|Any CPU.ActiveCfg = Release|Any CPU
		{255ACE5A-9629-41FA-AC83-ADCDC6D150D3}.Release|Any CPU.Build.0 = Release|Any CPU
		{676D7C7A-C8D1-4DEA-8452-1358FFC73FDB}.Debug|Any CPU.ActiveCfg = Debug|Any CPU
		{676D7C7A-C8D1-4DEA-8452-1358FFC73FDB}.Debug|Any CPU.Build.0 = Debug|Any CPU
		{676D7C7A-C8D1-4DEA-8452-1358FFC73FDB}.Release|Any CPU.ActiveCfg = Release|Any CPU
		{676D7C7A-C8D1-4DEA-8452-1358FFC73FDB}.Release|Any CPU.Build.0 = Release|Any CPU
		{7B8E5FEB-53DD-4BCA-9CEF-767FF3CB2040}.Debug|Any CPU.ActiveCfg = Debug|Any CPU
		{7B8E5FEB-53DD-4BCA-9CEF-767FF3CB2040}.Debug|Any CPU.Build.0 = Debug|Any CPU
		{7B8E5FEB-53DD-4BCA-9CEF-767FF3CB2040}.Release|Any CPU.ActiveCfg = Release|Any CPU
		{7B8E5FEB-53DD-4BCA-9CEF-767FF3CB2040}.Release|Any CPU.Build.0 = Release|Any CPU
		{E2E4B416-A4FC-4956-8282-715269F2EC8B}.Debug|Any CPU.ActiveCfg = Debug|Any CPU
		{E2E4B416-A4FC-4956-8282-715269F2EC8B}.Debug|Any CPU.Build.0 = Debug|Any CPU
		{E2E4B416-A4FC-4956-8282-715269F2EC8B}.Release|Any CPU.ActiveCfg = Release|Any CPU
		{E2E4B416-A4FC-4956-8282-715269F2EC8B}.Release|Any CPU.Build.0 = Release|Any CPU
	EndGlobalSection
	GlobalSection(SolutionProperties) = preSolution
		HideSolutionNode = FALSE
	EndGlobalSection
	GlobalSection(ExtensibilityGlobals) = postSolution
		SolutionGuid = {17B2CCBD-6ED6-4D0A-BD8C-424475328673}
	EndGlobalSection
EndGlobal
